version = 7
projectResolutionFingerprint = "sha256:48c694db780f30a33debc290b2a3b0ac91a827283e1a4c3429860b3ed3353d9e"
projectResolutionInputFingerprints = ["dependencies.compile=sha256:d345cd4afdc6c73d5a0024b368579b1b7fc60f3774b15e608b97f893e9b45a4d", "dependencies.test=sha256:e5516a403420e89a8b33189dcf163f06078935e4e6bcd5907dab410bee6e5a9e", "dependencyMetadata=sha256:631c8683f8117ee2bdb32118c7d4100fb4e218520139e0fe31396577c2e7d2c5", "framework.quarkus=sha256:68d7c5d5cedc29b433b63ce5b53c7054a4c27e79e03430701582a1b1d5cea01f", "framework.springBoot.native=sha256:92f88357bc81a539a14f201ee0d0a7525b5e4e2acaf07f0e9b826964bb5a4b63", "java=sha256:fda3a3e438244e08721bfc730e9f34ef4ee260820f6fbcd44a4c64601a93bf71", "package=sha256:1ae86c65b1e6e588a2c7b97e49de5aa12a31ace329e1253d80d6be0028c0ec59", "repositories=sha256:050e76b3ceee3c8b6aa20eb9cc97ddeed8c5ba88e4bc93efa14fa72f06aa786e", "schema=sha256:728eb979951359b22239feac7a9b20e12181a730e2c206f050502d52e0dcaf85"]

[[dependencyRoot]]
member = "."
id = "io.netty:netty-transport-native-epoll"
version = "4.1.136.Final"
variant = "jar|linux-x86_64"
lane = "implementation"
resolvedScope = "compile"

[[dependencyRoot]]
member = "."
id = "org.slf4j:slf4j-api"
version = "2.0.17"
lane = "implementation"
resolvedScope = "compile"

[[dependencyRoot]]
member = "."
id = "org.springframework.boot:spring-boot-dependencies"
version = "3.5.5"
variant = "pom"
lane = "implementation"
resolvedScope = "compile"

[[dependencyRoot]]
member = "."
id = "org.junit.platform:junit-platform-console-standalone"
version = "1.11.4"
lane = "test"
resolvedScope = "test"

[[package]]
id = "io.netty:netty-buffer"
version = "4.1.136.Final"
source = "central"
scope = "compile"
direct = false
jar = "blobs/v2/sha256/c88f13fc41156fde5df918c7b240038dfbe97ac57576163f208630391789b5d5/netty-buffer-4.1.136.Final.jar"
pom = "blobs/v2/sha256/5b4ddbc5f43c63a4498a66e355714730697c00b8986ed63d484d8a4f2a77ca8b/netty-buffer-4.1.136.Final.pom"
jarSha256 = "c88f13fc41156fde5df918c7b240038dfbe97ac57576163f208630391789b5d5"
pomSha256 = "5b4ddbc5f43c63a4498a66e355714730697c00b8986ed63d484d8a4f2a77ca8b"
dependencies = ["io.netty:netty-common:4.1.136.Final:jar:compile"]

[[package]]
id = "io.netty:netty-common"
version = "4.1.136.Final"
source = "central"
scope = "compile"
direct = false
jar = "blobs/v2/sha256/e2f73be7ec359b46583ad875521137000eff520bafd320e730846ec9974f3be6/netty-common-4.1.136.Final.jar"
pom = "blobs/v2/sha256/1c7b8b7e726a65000f6bad997759d05719a88a234ae1f3b2420669b471473018/netty-common-4.1.136.Final.pom"
jarSha256 = "e2f73be7ec359b46583ad875521137000eff520bafd320e730846ec9974f3be6"
pomSha256 = "1c7b8b7e726a65000f6bad997759d05719a88a234ae1f3b2420669b471473018"
dependencies = []

[[package]]
id = "io.netty:netty-resolver"
version = "4.1.136.Final"
source = "central"
scope = "compile"
direct = false
jar = "blobs/v2/sha256/e64972fec474f5b9bd086b738154d190a923e82c4923ac550aff4f5ea9e98600/netty-resolver-4.1.136.Final.jar"
pom = "blobs/v2/sha256/0b3e27eadb478a0c0de5ad42d84d3749e629c1d7e96b1b5dca6827c2d1cf25a2/netty-resolver-4.1.136.Final.pom"
jarSha256 = "e64972fec474f5b9bd086b738154d190a923e82c4923ac550aff4f5ea9e98600"
pomSha256 = "0b3e27eadb478a0c0de5ad42d84d3749e629c1d7e96b1b5dca6827c2d1cf25a2"
dependencies = ["io.netty:netty-common:4.1.136.Final:jar:compile"]

[[package]]
id = "io.netty:netty-transport-classes-epoll"
version = "4.1.136.Final"
source = "central"
scope = "compile"
direct = false
jar = "blobs/v2/sha256/f6a0b631b98667f131daf4ca07a9cae1072d58e259dcbc0f8c6a053d843449c6/netty-transport-classes-epoll-4.1.136.Final.jar"
pom = "blobs/v2/sha256/857b642411ce94ef526cfb6cb6ac97d4e5714fa601f3bec808804e7c328f3cc7/netty-transport-classes-epoll-4.1.136.Final.pom"
jarSha256 = "f6a0b631b98667f131daf4ca07a9cae1072d58e259dcbc0f8c6a053d843449c6"
pomSha256 = "857b642411ce94ef526cfb6cb6ac97d4e5714fa601f3bec808804e7c328f3cc7"
dependencies = ["io.netty:netty-buffer:4.1.136.Final:jar:compile", "io.netty:netty-common:4.1.136.Final:jar:compile", "io.netty:netty-transport-native-unix-common:4.1.136.Final:jar:compile", "io.netty:netty-transport:4.1.136.Final:jar:compile"]

[[package]]
id = "io.netty:netty-transport-native-epoll"
version = "4.1.136.Final"
source = "central"
scope = "compile"
direct = true
jar = "blobs/v2/sha256/c3956f90241582bbbad5612c3159cffeb7c3533324759f3c3bd778ca9b176cae/netty-transport-native-epoll-4.1.136.Final-linux-x86_64.jar"
pom = "blobs/v2/sha256/edb025669303eb1d304b94bbe56992dcd5a819e88abec5f6f66f07bec4cadbf0/netty-transport-native-epoll-4.1.136.Final.pom"
jarSha256 = "c3956f90241582bbbad5612c3159cffeb7c3533324759f3c3bd778ca9b176cae"
pomSha256 = "edb025669303eb1d304b94bbe56992dcd5a819e88abec5f6f66f07bec4cadbf0"
dependencies = ["io.netty:netty-buffer:4.1.136.Final:jar:compile", "io.netty:netty-common:4.1.136.Final:jar:compile", "io.netty:netty-transport-classes-epoll:4.1.136.Final:jar:compile", "io.netty:netty-transport-native-unix-common:4.1.136.Final:jar:compile", "io.netty:netty-transport:4.1.136.Final:jar:compile"]

[[package]]
id = "io.netty:netty-transport-native-unix-common"
version = "4.1.136.Final"
source = "central"
scope = "compile"
direct = false
jar = "blobs/v2/sha256/7e014c9b13defd9d254d4e5a5edd8ab6dde17533e1152f99699a6b28b2967a8a/netty-transport-native-unix-common-4.1.136.Final.jar"
pom = "blobs/v2/sha256/943574b27adfa0de2303e8b94f86b486ac1b97fbf1caa73bdc8cfacf43af2131/netty-transport-native-unix-common-4.1.136.Final.pom"
jarSha256 = "7e014c9b13defd9d254d4e5a5edd8ab6dde17533e1152f99699a6b28b2967a8a"
pomSha256 = "943574b27adfa0de2303e8b94f86b486ac1b97fbf1caa73bdc8cfacf43af2131"
dependencies = ["io.netty:netty-buffer:4.1.136.Final:jar:compile", "io.netty:netty-common:4.1.136.Final:jar:compile", "io.netty:netty-transport:4.1.136.Final:jar:compile"]

[[package]]
id = "io.netty:netty-transport"
version = "4.1.136.Final"
source = "central"
scope = "compile"
direct = false
jar = "blobs/v2/sha256/b92881ea925721ed42fee5122a42b8bce4b84da737dbc3ca2d84dfaca52c28b6/netty-transport-4.1.136.Final.jar"
pom = "blobs/v2/sha256/2b0587688ec63e13684e5dd985ae4665126f4b5cf64bf27052fabaea135f691a/netty-transport-4.1.136.Final.pom"
jarSha256 = "b92881ea925721ed42fee5122a42b8bce4b84da737dbc3ca2d84dfaca52c28b6"
pomSha256 = "2b0587688ec63e13684e5dd985ae4665126f4b5cf64bf27052fabaea135f691a"
dependencies = ["io.netty:netty-buffer:4.1.136.Final:jar:compile", "io.netty:netty-common:4.1.136.Final:jar:compile", "io.netty:netty-resolver:4.1.136.Final:jar:compile"]

[[package]]
id = "org.junit.platform:junit-platform-console-standalone"
version = "1.11.4"
source = "central"
scope = "test"
direct = true
jar = "blobs/v2/sha256/b016ef6b1c3454d6d7c2c88ce081dabf289699686af6622d6e4e2e1b54b4a2fc/junit-platform-console-standalone-1.11.4.jar"
pom = "blobs/v2/sha256/f44619c18edb94360cc382e6baf943e9300625d1a0a949ee158977eace5713d1/junit-platform-console-standalone-1.11.4.pom"
jarSha256 = "b016ef6b1c3454d6d7c2c88ce081dabf289699686af6622d6e4e2e1b54b4a2fc"
pomSha256 = "f44619c18edb94360cc382e6baf943e9300625d1a0a949ee158977eace5713d1"
dependencies = []

[[package]]
id = "org.slf4j:slf4j-api"
version = "2.0.17"
source = "central"
scope = "compile"
direct = true
jar = "blobs/v2/sha256/7b751d952061954d5abfed7181c1f645d336091b679891591d63329c622eb832/slf4j-api-2.0.17.jar"
pom = "blobs/v2/sha256/150c40287f7cecdc21b9380caac98e928c4f33c023db6b348df1c5ac977026bf/slf4j-api-2.0.17.pom"
jarSha256 = "7b751d952061954d5abfed7181c1f645d336091b679891591d63329c622eb832"
pomSha256 = "150c40287f7cecdc21b9380caac98e928c4f33c023db6b348df1c5ac977026bf"
dependencies = []

[[package]]
id = "org.springframework.boot:spring-boot-dependencies"
version = "3.5.5"
source = "central"
scope = "compile"
direct = true
pom = "blobs/v2/sha256/256ff112c7379b64e91c8deeb024f50c809212e5c219348aec44647df386c59a/spring-boot-dependencies-3.5.5.pom"
pomSha256 = "256ff112c7379b64e91c8deeb024f50c809212e5c219348aec44647df386c59a"
artifact = "blobs/v2/sha256/256ff112c7379b64e91c8deeb024f50c809212e5c219348aec44647df386c59a/spring-boot-dependencies-3.5.5.pom"
artifactType = "pom"
artifactSha256 = "256ff112c7379b64e91c8deeb024f50c809212e5c219348aec44647df386c59a"
dependencies = []
